
Microsoft Visual Studio Solution File, Format Version 12.00
# Visual Studio Version 17
VisualStudioVersion = 17.3.32929.385
MinimumVisualStudioVersion = 10.0.40219.1
Project("{FAE04EC0-301F-11D3-BF4B-00C04F79EFBC}") = "ConsoleApp5", "ConsoleApp5\ConsoleApp5.csproj", "{05FE8623-03D9-4EB8-A583-1296252CEC82}"
EndProject
Global
	GlobalSection(SolutionConfigurationPlatforms) = preSolution
		Debug|Any CPU = Debug|Any CPU
		Release|Any CPU = Release|Any CPU
	EndGlobalSection
	GlobalSection(ProjectConfigurationPlatforms) = postSolution
		{05FE8623-03D9-4EB8-A583-1296252CEC82}.Debug|Any CPU.ActiveCfg = Debug|Any CPU
		{05FE8623-03D9-4EB8-A583-1296252CEC82}.Debug|Any CPU.Build.0 = Debug|Any CPU
		{05FE8623-03D9-4EB8-A583-1296252CEC82}.Release|Any CPU.ActiveCfg = Release|Any CPU
		{05FE8623-03D9-4EB8-A583-1296252CEC82}.Release|Any CPU.Build.0 = Release|Any CPU
	EndGlobalSection
	GlobalSection(SolutionProperties) = preSolution
		HideSolutionNode = FALSE
	EndGlobalSection
	GlobalSection(ExtensibilityGlobals) = postSolution
		SolutionGuid = {B9377D71-3517-42A6-9384-0D9B988FFDC8}
	EndGlobalSection
EndGlobal
